
Microsoft Visual Studio Solution File, Format Version 12.00
# Visual Studio 15
VisualStudioVersion = 15.0.27130.2010
MinimumVisualStudioVersion = 10.0.40219.1
Project("{8BC9CEB8-8B4A-11D0-8D11-00A0C91BC942}") = "inf1010_tp1", "inf1010_tp1\inf1010_tp1.vcxproj", "{98ED81CF-EFC8-498C-A2D3-891EC62580F6}"
EndProject
Global
	GlobalSection(SolutionConfigurationPlatforms) = preSolution
		Debug|x64 = Debug|x64
		Debug|x86 = Debug|x86
		Release|x64 = Release|x64
		Release|x86 = Release|x86
	EndGlobalSection
	GlobalSection(ProjectConfigurationPlatforms) = postSolution
		{98ED81CF-EFC8-498C-A2D3-891EC62580F6}.Debug|x64.ActiveCfg = Debug|x64
		{98ED81CF-EFC8-498C-A2D3-891EC62580F6}.Debug|x64.Build.0 = Debug|x64
		{98ED81CF-EFC8-498C-A2D3-891EC62580F6}.Debug|x86.ActiveCfg = Debug|Win32
		{98ED81CF-EFC8-498C-A2D3-891EC62580F6}.Debug|x86.Build.0 = Debug|Win32
		{98ED81CF-EFC8-498C-A2D3-891EC62580F6}.Release|x64.ActiveCfg = Release|x64
		{98ED81CF-EFC8-498C-A2D3-891EC62580F6}.Release|x64.Build.0 = Release|x64
		{98ED81CF-EFC8-498C-A2D3-891EC62580F6}.Release|x86.ActiveCfg = Release|Win32
		{98ED81CF-EFC8-498C-A2D3-891EC62580F6}.Release|x86.Build.0 = Release|Win32
	EndGlobalSection
	GlobalSection(SolutionProperties) = preSolution
		HideSolutionNode = FALSE
	EndGlobalSection
	GlobalSection(ExtensibilityGlobals) = postSolution
		SolutionGuid = {5DC29F12-7075-4FA4-98BA-EF7A21B36FDF}
	EndGlobalSection
EndGlobal
